# THIS IS AN AUTOGENERATED FILE. DO NOT EDIT THIS FILE DIRECTLY.
# yarn lockfile v1


"@playwright/test@^1.57.0":
  version "1.63.0"
  resolved "https://registry.yarnpkg.com/@playwright/test/-/test-1.63.0.tgz#808020c46e8b6b91f9d628cd0ebcbb32bdfd8b6c"
  integrity sha512-oxMK4vllB9RK5NQ2l1pq1IfOf2AvnEuj/vYGDj0H2nMtmtZpKtCwt/l00GEO6xjGfpBNAvjovvYdCm50dRQkpQ==
  dependencies:
    playwright "1.63.0"

playwright-core@1.63.0:
  version "1.63.0"
  resolved "https://registry.yarnpkg.com/playwright-core/-/playwright-core-1.63.0.tgz#e57665bc32846c213ac39a1e4d5bc6228e76b376"
  integrity sha512-rYCsBF/M5HjUch52bbtVONEFjv6Xu8sm8h72dNlR5bzIE1fvC/bxgspzkjSfU+MweEMmPM8KJebG6nnyxo5mCg==

playwright@1.63.0:
  version "1.63.0"
  resolved "https://registry.yarnpkg.com/playwright/-/playwright-1.63.0.tgz#99b56f9f69b1b70c44f00bf84b2fe52348ae2511"
  integrity sha512-+7ziBLidS4NaNCdt57SUDT+wYmmd5fmiQejUic/kb+YsYSCPyOOE9sebzMjNmQrsnNpDJqd4WHvV/8lfKfUDUg==
  dependencies:
    playwright-core "1.63.0"
