github.com/99designs/gqlgen v0.17.95 h1:882h7F5iJImgtyUVttc4MOK2NbzbMYc2oyNeHqkjpP4=
github.com/99designs/gqlgen v0.17.95/go.mod h1:kHYPrpwOXDU1OQyxIg3Z7nVXSnlUoHVWBY7CMJCAM4M=
github.com/Khan/genqlient v0.8.1 h1:wtOCc8N9rNynRLXN3k3CnfzheCUNKBcvXmVv5zt6WCs=
github.com/Khan/genqlient v0.8.1/go.mod h1:R2G6DzjBvCbhjsEajfRjbWdVglSH/73kSivC9TLWVjU=
github.com/agnivade/levenshtein v1.2.1 h1:EHBY3UOn1gwdy/VbFwgo4cxecRznFk7fKWN1KOX7eoM=
github.com/agnivade/levenshtein v1.2.1/go.mod h1:QVVI16kDrtSuwcpd0p1+xMC6Z/VfhtCyDIjcwga4/DU=
github.com/cenkalti/backoff/v5 v5.0.3 h1:ZN+IMa753KfX5hd8vVaMixjnqRZ3y8CuJKRKj1xcsSM=
github.com/cenkalti/backoff/v5 v5.0.3/go.mod h1:rkhZdG3JZukswDf7f0cwqPNk4K0sa+F97BxZthm/crw=
github.com/cespare/xxhash/v2 v2.3.0 h1:UL815xU9SqsFlibzuggzjXhog7bL6oX9BbNZnL2UFvs=
github.com/cespare/xxhash/v2 v2.3.0/go.mod h1:VGX0DQ3Q6kWi7AoAeZDth3/j3BFtOZR5XLFGgcrjCOs=
github.com/dagger/otel-go v1.43.0 h1:AYCnAamWmxtSxigWPTgC+8EWqiWPcDZEegh8y05gdJ8=
github.com/dagger/otel-go v1.43.0/go.mod h1:83CTuXi70zcx1kaym5buqmb7RNzg1E9dEiQSFyLbLdU=
github.com/dagger/querybuilder v0.0.0-20260402040506-574a5e81cb59 h1:g6vfdGRyz6fAjfHz5FyYPZgHy8qcQ31fHrBl1iCOzxw=
github.com/dagger/querybuilder v0.0.0-20260402040506-574a5e81cb59/go.mod h1:jsdUJeYzcbyK1j/EqMGPrQgNYxl/Zfg06vvM9C/xXxs=
github.com/go-logr/logr v1.2.2/go.mod h1:jdQByPbusPIv2/zmleS9BjJVeZ6kBagPoEUsqbVz/1A=
github.com/go-logr/logr v1.4.4 h1:tG4xh9yMsRCAiodLVTxyrkzSZ9+o0L1Kg/+cPVcbP/8=
github.com/go-logr/logr v1.4.4/go.mod h1:9T104GzyrTigFIr8wt5mBrctHMim0Nb2HLGrmQ40KvY=
github.com/go-logr/stdr v1.2.2 h1:hSWxHoqTgW2S2qGc0LTAI563KZ5YKYRhT3MFKZMbjag=
github.com/go-logr/stdr v1.2.2/go.mod h1:mMo/vtBO5dYbehREoey6XUKy/eSumjCCveDpRre4VKE=
github.com/golang/protobuf v1.5.4 h1:i7eJL8qZTpSEXOPTxNKhASYpMn+8e5Q6AdndVa1dWek=
github.com/golang/protobuf v1.5.4/go.mod h1:lnTiLA8Wa4RWRcIUkrtSVa5nRhsEGBg48fD6rSs7xps=
github.com/google/go-cmp v0.7.0 h1:wk8382ETsv4JYUZwIsn6YpYiWiBsYLSJiTsyBybVuN8=
github.com/google/go-cmp v0.7.0/go.mod h1:pXiqmnSA92OHEEa9HXL2W4E7lf9JzCmGVUdgjX3N/iU=
github.com/google/uuid v1.6.0 h1:NIvaJDMOsjHA8n1jAhLSgzrAzy1Hgr+hNrb57e+94F0=
github.com/google/uuid v1.6.0/go.mod h1:TIyPZe4MgqvfeYDBFedMoGGpEw/LqOeaOT+nhxU+yHo=
github.com/grpc-ecosystem/grpc-gateway/v2 v2.30.0 h1:/Tnpcb2E0Pz/tN9s3bfEY2Q8ePCEX9iuS+cneUwncnw=
github.com/grpc-ecosystem/grpc-gateway/v2 v2.30.0/go.mod h1:zOBXOsUaBSjKgmH4OGzV1esUpR3oUSCPYVd2cUBjKYY=
github.com/sosodev/duration v1.4.0 h1:35ed0KiVFriGHHzZZJaZLgmTEEICIyt8Sx0RQfj9IjE=
github.com/sosodev/duration v1.4.0/go.mod h1:RQIBBX0+fMLc/D9+Jb/fwvVmo0eZvDDEERAikUR6SDg=
github.com/stretchr/testify v1.12.1 h1:EuwCh5fleGS7H32xRwO3wRGT7DxrDhLAT6FF8MpWDWE=
github.com/stretchr/testify v1.12.1/go.mod h1:MDEgiDPPsNp5cuIrHPPCyornHKgEVbtFUmoNlxoYthg=
github.com/vektah/gqlparser/v2 v2.5.37 h1:jbb1Ilv+xBklV6653tKb4oVUupPNTLb5LmrnBKVI12Y=
github.com/vektah/gqlparser/v2 v2.5.37/go.mod h1:9O4Ox6Ngd3Y12bMD3w6i3CRQXh8W1oC1q0m6olCymDM=
go.opentelemetry.io/auto/sdk v1.2.1 h1:jXsnJ4Lmnqd11kwkBV2LgLoFMZKizbCi5fNZ/ipaZ64=
go.opentelemetry.io/auto/sdk v1.2.1/go.mod h1:KRTj+aOaElaLi+wW1kO/DZRXwkF4C5xPbEe3ZiIhN7Y=
go.opentelemetry.io/otel v1.46.0 h1:FHt5/CDyVxi/8IM1CH7VE/rRgq3kLHa2mSTVMO8AWyc=
go.opentelemetry.io/otel v1.46.0/go.mod h1:Gj3SEScelsNC45tp4nSxRYlS+f5iez7W8XPMCt905kE=
go.opentelemetry.io/otel/exporters/otlp/otlplog/otlploggrpc v0.16.0 h1:ZVg+kCXxd9LtAaQNKBxAvJ5NpMf7LpvEr4MIZqb0TMQ=
go.opentelemetry.io/otel/exporters/otlp/otlplog/otlploggrpc v0.16.0/go.mod h1:hh0tMeZ75CCXrHd9OXRYxTlCAdxcXioWHFIpYw2rZu8=
go.opentelemetry.io/otel/exporters/otlp/otlplog/otlploghttp v0.16.0 h1:djrxvDxAe44mJUrKataUbOhCKhR3F8QCyWucO16hTQs=
go.opentelemetry.io/otel/exporters/otlp/otlplog/otlploghttp v0.16.0/go.mod h1:dt3nxpQEiSoKvfTVxp3TUg5fHPLhKtbcnN3Z1I1ePD0=
go.opentelemetry.io/otel/exporters/otlp/otlpmetric/otlpmetricgrpc v1.46.0 h1:qkDYCAFiZXLcs1L4aY+tP2wguQ4kURANqHOQMA2et2s=
go.opentelemetry.io/otel/exporters/otlp/otlpmetric/otlpmetricgrpc v1.46.0/go.mod h1:tkipS4DRzmpAmvg+Gw4++O1IdDq6TVDnvnYU6cmbQVs=
go.opentelemetry.io/otel/exporters/otlp/otlpmetric/otlpmetrichttp v1.46.0 h1:AP23h/mFgb/lc7tdck1Kfn9qxsM8TAeNPCU5C3pzaps=
go.opentelemetry.io/otel/exporters/otlp/otlpmetric/otlpmetrichttp v1.46.0/go.mod h1:K4EqCe1b4kGk5WR690ntg9LaBfsPoV32FwthbyoptuA=
go.opentelemetry.io/otel/exporters/otlp/otlptrace v1.46.0 h1:OFnwLJr+pF3iHrlGSzbxyuo6/6HyBlnlN1CWEJmBVcw=
go.opentelemetry.io/otel/exporters/otlp/otlptrace v1.46.0/go.mod h1:716wFneO0ov19A2beH5hjfh9AK5z/VWNAtDijp1Y0/g=
go.opentelemetry.io/otel/exporters/otlp/otlptrace/otlptracegrpc v1.46.0 h1:w53CDeOA/Kurp7yRsegSr6pbbr759dOvJ+yNmWM6Hxs=
go.opentelemetry.io/otel/exporters/otlp/otlptrace/otlptracegrpc v1.46.0/go.mod h1:BOmGMCbAtvcJiSJ+hLuhgPLdDbimnraSl8irz3iY8sY=
go.opentelemetry.io/otel/exporters/otlp/otlptrace/otlptracehttp v1.46.0 h1:KrC1YrQeSt46ITMWAbgQx1M1eV1/1TKzttrBzymPmss=
go.opentelemetry.io/otel/exporters/otlp/otlptrace/otlptracehttp v1.46.0/go.mod h1:zDSEzoEqsOrgBeGvH66KRgxh90VonFyJqBHA0Pk3+rM=
go.opentelemetry.io/otel/log v0.16.0 h1:DeuBPqCi6pQwtCK0pO4fvMB5eBq6sNxEnuTs88pjsN4=
go.opentelemetry.io/otel/log v0.16.0/go.mod h1:rWsmqNVTLIA8UnwYVOItjyEZDbKIkMxdQunsIhpUMes=
go.opentelemetry.io/otel/metric v1.46.0 h1:yBnkXvgV7AXFILZc5K6IZe/CBFF3OS7BJ8ov6/lj0K8=
go.opentelemetry.io/otel/metric v1.46.0/go.mod h1:iPmdWqifKUdzziPkvvzIJXITl56fQx2mGM/DHLB3/2o=
go.opentelemetry.io/otel/metric/x v0.68.0 h1:TA/cBT23D3MnxYPwHL7YFOdYGdx0A0v+s7Mzotpd1dU=
go.opentelemetry.io/otel/metric/x v0.68.0/go.mod h1:agudOmvWhwUTjgibWDzxD2PoWYnpw5Ht5jISYOD2Hd4=
go.opentelemetry.io/otel/sdk v1.46.0 h1:h5CNQQjEbuQXY/JfZtgt3i7HVFV3aHPO2OAwO2eTYPI=
go.opentelemetry.io/otel/sdk v1.46.0/go.mod h1:GAERFXFt5SYCEB+YiKUbMBeza6UaDH7GmGOZEfh2gSM=
go.opentelemetry.io/otel/sdk/log v0.16.0 h1:e/b4bdlQwC5fnGtG3dlXUrNOnP7c8YLVSpSfEBIkTnI=
go.opentelemetry.io/otel/sdk/log v0.16.0/go.mod h1:JKfP3T6ycy7QEuv3Hj8oKDy7KItrEkus8XJE6EoSzw4=
go.opentelemetry.io/otel/sdk/log/logtest v0.16.0 h1:/XVkpZ41rVRTP4DfMgYv1nEtNmf65XPPyAdqV90TMy4=
go.opentelemetry.io/otel/sdk/log/logtest v0.16.0/go.mod h1:iOOPgQr5MY9oac/F5W86mXdeyWZGleIx3uXO98X2R6Y=
go.opentelemetry.io/otel/sdk/metric v1.46.0 h1:0piZ26EG4RBfebb2jhDH6ERCYHoVWduc3kLgPCwSnSE=
go.opentelemetry.io/otel/sdk/metric v1.46.0/go.mod h1:I1PbKrdVc8Qu8HYVDNtqVIwLwjNrhsV/uFuxfwg8mO4=
go.opentelemetry.io/otel/trace v1.46.0 h1:OULy7ccdJnZtJ0UDYFOIGaCmiWzJ8Vi2G/Rsu60qs1c=
go.opentelemetry.io/otel/trace v1.46.0/go.mod h1:J7GAXweO77XSFkB/rmAqk9D6ihszhFjLU+d9WuUxDLI=
go.opentelemetry.io/proto/otlp v1.11.0 h1:5rrYs0Ykyj50sdU/JU0x8etU+LubXWb+gED6TbEdMIk=
go.opentelemetry.io/proto/otlp v1.11.0/go.mod h1:SmVizdCOAm3XBtG1g1NnOdhW6jtddT72hLMhv8VwA8E=
go.uber.org/goleak v1.3.0 h1:2K3zAYmnTNqV73imy9J1T3WC+gmCePx2hEGkimedGto=
go.uber.org/goleak v1.3.0/go.mod h1:CoHD4mav9JJNrW/WLlf7HGZPjdw8EucARQHekz1X6bE=
go.yaml.in/yaml/v3 v3.0.5 h1:N6y/pJk8buWs9NY5ERU2HSMfm+IuD/OtfdAnq6kESPw=
go.yaml.in/yaml/v3 v3.0.5/go.mod h1:HVTZu1O7/Vkt2N+BFy8Zza+lnLsABggaTM2ZpNIGuKg=
golang.org/x/net v0.59.0 h1:5zfYln+w5XCxwrnMMJPufRgNoXEaGxl0wo5GqPXyues=
golang.org/x/net v0.59.0/go.mod h1:2DA/G1UfVbCpQPeWTmMPGY7Cs2PkBkwu743bVX5PIVg=
golang.org/x/sync v0.23.0 h1:KameEIfc1IkluZyXWLn39Wd4tURc6GbCiISGiZm2bQk=
golang.org/x/sync v0.23.0/go.mod h1:sUUOizhqBxiL6pEWpqNLUiaJn1ShEbZ6BBqskPbjZm0=
golang.org/x/sys v0.48.0 h1:bbX/i/6MgT9BVLM9RT1thmxL04yeTAhbEz4SyadbXoo=
golang.org/x/sys v0.48.0/go.mod h1:hNLxWAXmnKAxqDtdwIYC4bM9oQPEecfsnNMuSxOs3og=
golang.org/x/text v0.42.0 h1:JbOZXgfeCPU9gacVtYliJqOhD+zhrEqK4LfdpmlUZqI=
golang.org/x/text v0.42.0/go.mod h1:ojzP1Z+2QtioaF8DTtO8K5q7JWVVYwZKenzujK0Zd0E=
gonum.org/v1/gonum v0.17.0 h1:VbpOemQlsSMrYmn7T2OUvQ4dqxQXU+ouZFQsZOx50z4=
gonum.org/v1/gonum v0.17.0/go.mod h1:El3tOrEuMpv2UdMrbNlKEh9vd86bmQ6vqIcDwxEOc1E=
google.golang.org/genproto/googleapis/api v0.0.0-20260911204522-f61a6ca850bd h1:jgCQeWccunvocKNK2RjhQHNiSjSeMMuBpQ/5pbP+2lA=
google.golang.org/genproto/googleapis/api v0.0.0-20260911204522-f61a6ca850bd/go.mod h1:r4KD2hOq82JBWpTWkJ9NZLf6EwmRvAPIFmk7hPNtd+0=
google.golang.org/genproto/googleapis/rpc v0.0.0-20260911204522-f61a6ca850bd h1:29LZPNIJg+GEmJwZXruJJRwqy/wnWAYZXDtROToV/aQ=
google.golang.org/genproto/googleapis/rpc v0.0.0-20260911204522-f61a6ca850bd/go.mod h1:DjtHYE8FKJLivXcBEjGwndXfIC23G0VpXiXKqG179uA=
google.golang.org/grpc v1.83.2 h1:EManeRomTObA0BU7I8vXgg/78uE5MJ9M8B39EX2WscU=
google.golang.org/grpc v1.83.2/go.mod h1:YPI1hK3kDked6iHvgX3tR0y+nX/qpMFKhPgFsokw1S8=
google.golang.org/protobuf v1.36.12 h1:pJOKDDOyeXErUroCihFAd5LQuwXBSpVnKGrj5o/fwxc=
google.golang.org/protobuf v1.36.12/go.mod h1:HTf+CrKn2C3g5S8VImy6tdcUvCska2kB7j23XfzDpco=
